// !$*UTF8*$!
{
	archiveVersion = 1;
	classes = {
	};
	objectVersion = 56;
	objects = {

/* Begin PBXBuildFile section */
		354ED9A71B4A82ABAB768A91 /* Pods_Foundly.framework in Frameworks */ = {isa = PBXBuildFile; fileRef = 8DC50F3C403443E149C337C8 /* Pods_Foundly.framework */; };
		F653C6F02D6251D800F00C77 /* SnapKit in Frameworks */ = {isa = PBXBuildFile; productRef = F653C6EF2D6251D800F00C77 /* SnapKit */; };
		F653C6F42D634E5B00F00C77 /* LoginViewController.swift in Sources */ = {isa = PBXBuildFile; fileRef = F653C6F32D634E5B00F00C77 /* LoginViewController.swift */; };
		F653C6F72D63B8AC00F00C77 /* AuthHeaderView.swift in Sources */ = {isa = PBXBuildFile; fileRef = F653C6F62D63B8AC00F00C77 /* AuthHeaderView.swift */; };
		F653C6F92D63B8E900F00C77 /* CustomButton.swift in Sources */ = {isa = PBXBuildFile; fileRef = F653C6F82D63B8E900F00C77 /* CustomButton.swift */; };
		F653C6FB2D63B90D00F00C77 /* CustomTextField.swift in Sources */ = {isa = PBXBuildFile; fileRef = F653C6FA2D63B90D00F00C77 /* CustomTextField.swift */; };
		F653C6FD2D63B93C00F00C77 /* RegisterViewController.swift in Sources */ = {isa = PBXBuildFile; fileRef = F653C6FC2D63B93C00F00C77 /* RegisterViewController.swift */; };
		F653C6FF2D63B99500F00C77 /* AlertManager.swift in Sources */ = {isa = PBXBuildFile; fileRef = F653C6FE2D63B99500F00C77 /* AlertManager.swift */; };
		F653C7012D63B9CB00F00C77 /* Validator.swift in Sources */ = {isa = PBXBuildFile; fileRef = F653C7002D63B9CB00F00C77 /* Validator.swift */; };
		F6AE37F22D62511900D51368 /* Assets.xcassets in Resources */ = {isa = PBXBuildFile; fileRef = F6AE37EB2D62511900D51368 /* Assets.xcassets */; };
		F6AE37F42D62511900D51368 /* LaunchScreen.storyboard in Resources */ = {isa = PBXBuildFile; fileRef = F6AE37EE2D62511900D51368 /* LaunchScreen.storyboard */; };
		F6AE37F52D62511A00D51368 /* AppDelegate.swift in Sources */ = {isa = PBXBuildFile; fileRef = F6AE37EA2D62511900D51368 /* AppDelegate.swift */; };
		F6AE37F62D62511A00D51368 /* SceneDelegate.swift in Sources */ = {isa = PBXBuildFile; fileRef = F6AE37EF2D62511900D51368 /* SceneDelegate.swift */; };
		F6AE37F72D62511A00D51368 /* MapViewController.swift in Sources */ = {isa = PBXBuildFile; fileRef = F6AE37F02D62511900D51368 /* MapViewController.swift */; };
/* End PBXBuildFile section */

/* Begin PBXFileReference section */
		33E4DF3CE05B1661B8510ADC /* Pods-Foundly.release.xcconfig */ = {isa = PBXFileReference; includeInIndex = 1; lastKnownFileType = text.xcconfig; name = "Pods-Foundly.release.xcconfig"; path = "Target Support Files/Pods-Foundly/Pods-Foundly.release.xcconfig"; sourceTree = "<group>"; };
		8DC50F3C403443E149C337C8 /* Pods_Foundly.framework */ = {isa = PBXFileReference; explicitFileType = wrapper.framework; includeInIndex = 0; path = Pods_Foundly.framework; sourceTree = BUILT_PRODUCTS_DIR; };
		9DA7D824F920AB1752C8CB9D /* Pods-Foundly.debug.xcconfig */ = {isa = PBXFileReference; includeInIndex = 1; lastKnownFileType = text.xcconfig; name = "Pods-Foundly.debug.xcconfig"; path = "Target Support Files/Pods-Foundly/Pods-Foundly.debug.xcconfig"; sourceTree = "<group>"; };
		F653C6F32D634E5B00F00C77 /* LoginViewController.swift */ = {isa = PBXFileReference; lastKnownFileType = sourcecode.swift; path = LoginViewController.swift; sourceTree = "<group>"; };
		F653C6F62D63B8AC00F00C77 /* AuthHeaderView.swift */ = {isa = PBXFileReference; lastKnownFileType = sourcecode.swift; path = AuthHeaderView.swift; sourceTree = "<group>"; };
		F653C6F82D63B8E900F00C77 /* CustomButton.swift */ = {isa = PBXFileReference; lastKnownFileType = sourcecode.swift; path = CustomButton.swift; sourceTree = "<group>"; };
		F653C6FA2D63B90D00F00C77 /* CustomTextField.swift */ = {isa = PBXFileReference; lastKnownFileType = sourcecode.swift; path = CustomTextField.swift; sourceTree = "<group>"; };
		F653C6FC2D63B93C00F00C77 /* RegisterViewController.swift */ = {isa = PBXFileReference; lastKnownFileType = sourcecode.swift; path = RegisterViewController.swift; sourceTree = "<group>"; };
		F653C6FE2D63B99500F00C77 /* AlertManager.swift */ = {isa = PBXFileReference; lastKnownFileType = sourcecode.swift; path = AlertManager.swift; sourceTree = "<group>"; };
		F653C7002D63B9CB00F00C77 /* Validator.swift */ = {isa = PBXFileReference; lastKnownFileType = sourcecode.swift; path = Validator.swift; sourceTree = "<group>"; };
		F6AE37D02D624A8E00D51368 /* Foundly.app */ = {isa = PBXFileReference; explicitFileType = wrapper.application; includeInIndex = 0; path = Foundly.app; sourceTree = BUILT_PRODUCTS_DIR; };
		F6AE37EA2D62511900D51368 /* AppDelegate.swift */ = {isa = PBXFileReference; lastKnownFileType = sourcecode.swift; path = AppDelegate.swift; sourceTree = "<group>"; };
		F6AE37EB2D62511900D51368 /* Assets.xcassets */ = {isa = PBXFileReference; lastKnownFileType = folder.assetcatalog; path = Assets.xcassets; sourceTree = "<group>"; };
		F6AE37EC2D62511900D51368 /* Info.plist */ = {isa = PBXFileReference; lastKnownFileType = text.plist.xml; path = Info.plist; sourceTree = "<group>"; };
		F6AE37ED2D62511900D51368 /* Base */ = {isa = PBXFileReference; lastKnownFileType = file.storyboard; name = Base; path = Base.lproj/LaunchScreen.storyboard; sourceTree = "<group>"; };
		F6AE37EF2D62511900D51368 /* SceneDelegate.swift */ = {isa = PBXFileReference; lastKnownFileType = sourcecode.swift; path = SceneDelegate.swift; sourceTree = "<group>"; };
		F6AE37F02D62511900D51368 /* MapViewController.swift */ = {isa = PBXFileReference; lastKnownFileType = sourcecode.swift; path = MapViewController.swift; sourceTree = "<group>"; };
/* End PBXFileReference section */

/* Begin PBXFrameworksBuildPhase section */
		F6AE37CD2D624A8E00D51368 /* Frameworks */ = {
			isa = PBXFrameworksBuildPhase;
			buildActionMask = 2147483647;
			files = (
				354ED9A71B4A82ABAB768A91 /* Pods_Foundly.framework in Frameworks */,
				F653C6F02D6251D800F00C77 /* SnapKit in Frameworks */,
			);
			runOnlyForDeploymentPostprocessing = 0;
		};
/* End PBXFrameworksBuildPhase section */

/* Begin PBXGroup section */
		409B4C29F00995A0D1D1D56E /* Pods */ = {
			isa = PBXGroup;
			children = (
				9DA7D824F920AB1752C8CB9D /* Pods-Foundly.debug.xcconfig */,
				33E4DF3CE05B1661B8510ADC /* Pods-Foundly.release.xcconfig */,
			);
			path = Pods;
			sourceTree = "<group>";
		};
		4494872A12A01628AB3BE8DD /* Frameworks */ = {
			isa = PBXGroup;
			children = (
				8DC50F3C403443E149C337C8 /* Pods_Foundly.framework */,
			);
			name = Frameworks;
			sourceTree = "<group>";
		};
		F653C6F52D63B88900F00C77 /* View */ = {
			isa = PBXGroup;
			children = (
				F653C6F62D63B8AC00F00C77 /* AuthHeaderView.swift */,
				F653C6F82D63B8E900F00C77 /* CustomButton.swift */,
				F653C6FA2D63B90D00F00C77 /* CustomTextField.swift */,
			);
			path = View;
			sourceTree = "<group>";
		};
		F6AE37C72D624A8E00D51368 = {
			isa = PBXGroup;
			children = (
				F6AE37F12D62511900D51368 /* Foundly */,
				F6AE37D12D624A8E00D51368 /* Products */,
				409B4C29F00995A0D1D1D56E /* Pods */,
				4494872A12A01628AB3BE8DD /* Frameworks */,
			);
			sourceTree = "<group>";
		};
		F6AE37D12D624A8E00D51368 /* Products */ = {
			isa = PBXGroup;
			children = (
				F6AE37D02D624A8E00D51368 /* Foundly.app */,
			);
			name = Products;
			sourceTree = "<group>";
		};
		F6AE37F12D62511900D51368 /* Foundly */ = {
			isa = PBXGroup;
			children = (
				F653C6F52D63B88900F00C77 /* View */,
				F6AE37EA2D62511900D51368 /* AppDelegate.swift */,
				F6AE37EB2D62511900D51368 /* Assets.xcassets */,
				F6AE37EC2D62511900D51368 /* Info.plist */,
				F6AE37EE2D62511900D51368 /* LaunchScreen.storyboard */,
				F6AE37EF2D62511900D51368 /* SceneDelegate.swift */,
				F653C6FE2D63B99500F00C77 /* AlertManager.swift */,
				F6AE37F02D62511900D51368 /* MapViewController.swift */,
				F653C6F32D634E5B00F00C77 /* LoginViewController.swift */,
				F653C6FC2D63B93C00F00C77 /* RegisterViewController.swift */,
				F653C7002D63B9CB00F00C77 /* Validator.swift */,
			);
			path = Foundly;
			sourceTree = "<group>";
		};
/* End PBXGroup section */

/* Begin PBXNativeTarget section */
		F6AE37CF2D624A8E00D51368 /* Foundly */ = {
			isa = PBXNativeTarget;
			buildConfigurationList = F6AE37E32D624A9000D51368 /* Build configuration list for PBXNativeTarget "Foundly" */;
			buildPhases = (
				1C08B9B3E79739DAF3C1FEBA /* [CP] Check Pods Manifest.lock */,
				F6AE37CC2D624A8E00D51368 /* Sources */,
				F6AE37CD2D624A8E00D51368 /* Frameworks */,
				F6AE37CE2D624A8E00D51368 /* Resources */,
			);
			buildRules = (
			);
			dependencies = (
			);
			name = Foundly;
			productName = Foundly;
			productReference = F6AE37D02D624A8E00D51368 /* Foundly.app */;
			productType = "com.apple.product-type.application";
		};
/* End PBXNativeTarget section */

/* Begin PBXProject section */
		F6AE37C82D624A8E00D51368 /* Project object */ = {
			isa = PBXProject;
			attributes = {
				BuildIndependentTargetsInParallel = 1;
				LastSwiftUpdateCheck = 1620;
				LastUpgradeCheck = 1620;
				TargetAttributes = {
					F6AE37CF2D624A8E00D51368 = {
						CreatedOnToolsVersion = 16.2;
					};
				};
			};
			buildConfigurationList = F6AE37CB2D624A8E00D51368 /* Build configuration list for PBXProject "Foundly" */;
			compatibilityVersion = "Xcode 14.0";
			developmentRegion = en;
			hasScannedForEncodings = 0;
			knownRegions = (
				en,
				Base,
			);
			mainGroup = F6AE37C72D624A8E00D51368;
			packageReferences = (
				F653C6EE2D6251D800F00C77 /* XCRemoteSwiftPackageReference "SnapKit" */,
			);
			productRefGroup = F6AE37D12D624A8E00D51368 /* Products */;
			projectDirPath = "";
			projectRoot = "";
			targets = (
				F6AE37CF2D624A8E00D51368 /* Foundly */,
			);
		};
/* End PBXProject section */

/* Begin PBXResourcesBuildPhase section */
		F6AE37CE2D624A8E00D51368 /* Resources */ = {
			isa = PBXResourcesBuildPhase;
			buildActionMask = 2147483647;
			files = (
				F6AE37F22D62511900D51368 /* Assets.xcassets in Resources */,
				F6AE37F42D62511900D51368 /* LaunchScreen.storyboard in Resources */,
			);
			runOnlyForDeploymentPostprocessing = 0;
		};
/* End PBXResourcesBuildPhase section */

/* Begin PBXShellScriptBuildPhase section */
		1C08B9B3E79739DAF3C1FEBA /* [CP] Check Pods Manifest.lock */ = {
			isa = PBXShellScriptBuildPhase;
			buildActionMask = 2147483647;
			files = (
			);
			inputFileListPaths = (
			);
			inputPaths = (
				"${PODS_PODFILE_DIR_PATH}/Podfile.lock",
				"${PODS_ROOT}/Manifest.lock",
			);
			name = "[CP] Check Pods Manifest.lock";
			outputFileListPaths = (
			);
			outputPaths = (
				"$(DERIVED_FILE_DIR)/Pods-Foundly-checkManifestLockResult.txt",
			);
			runOnlyForDeploymentPostprocessing = 0;
			shellPath = /bin/sh;
			shellScript = "diff \"${PODS_PODFILE_DIR_PATH}/Podfile.lock\" \"${PODS_ROOT}/Manifest.lock\" > /dev/null\nif [ $? != 0 ] ; then\n    # print error to STDERR\n    echo \"error: The sandbox is not in sync with the Podfile.lock. Run 'pod install' or update your CocoaPods installation.\" >&2\n    exit 1\nfi\n# This output is used by Xcode 'outputs' to avoid re-running this script phase.\necho \"SUCCESS\" > \"${SCRIPT_OUTPUT_FILE_0}\"\n";
			showEnvVarsInLog = 0;
		};
/* End PBXShellScriptBuildPhase section */

/* Begin PBXSourcesBuildPhase section */
		F6AE37CC2D624A8E00D51368 /* Sources */ = {
			isa = PBXSourcesBuildPhase;
			buildActionMask = 2147483647;
			files = (
				F653C6FB2D63B90D00F00C77 /* CustomTextField.swift in Sources */,
				F653C6F42D634E5B00F00C77 /* LoginViewController.swift in Sources */,
				F653C7012D63B9CB00F00C77 /* Validator.swift in Sources */,
				F6AE37F52D62511A00D51368 /* AppDelegate.swift in Sources */,
				F653C6FD2D63B93C00F00C77 /* RegisterViewController.swift in Sources */,
				F653C6F92D63B8E900F00C77 /* CustomButton.swift in Sources */,
				F6AE37F62D62511A00D51368 /* SceneDelegate.swift in Sources */,
				F653C6F72D63B8AC00F00C77 /* AuthHeaderView.swift in Sources */,
				F6AE37F72D62511A00D51368 /* MapViewController.swift in Sources */,
				F653C6FF2D63B99500F00C77 /* AlertManager.swift in Sources */,
			);
			runOnlyForDeploymentPostprocessing = 0;
		};
/* End PBXSourcesBuildPhase section */

/* Begin PBXVariantGroup section */
		F6AE37EE2D62511900D51368 /* LaunchScreen.storyboard */ = {
			isa = PBXVariantGroup;
			children = (
				F6AE37ED2D62511900D51368 /* Base */,
			);
			name = LaunchScreen.storyboard;
			sourceTree = "<group>";
		};
/* End PBXVariantGroup section */

/* Begin XCBuildConfiguration section */
		F6AE37E42D624A9000D51368 /* Debug */ = {
			isa = XCBuildConfiguration;
			baseConfigurationReference = 9DA7D824F920AB1752C8CB9D /* Pods-Foundly.debug.xcconfig */;
			buildSettings = {
				ASSETCATALOG_COMPILER_APPICON_NAME = AppIcon;
				ASSETCATALOG_COMPILER_GLOBAL_ACCENT_COLOR_NAME = AccentColor;
				CODE_SIGN_STYLE = Automatic;
				CURRENT_PROJECT_VERSION = 1;
				DEVELOPMENT_TEAM = 4MAZ45ZC7Y;
				GENERATE_INFOPLIST_FILE = YES;
				INFOPLIST_FILE = Foundly/Info.plist;
				INFOPLIST_KEY_UIApplicationSupportsIndirectInputEvents = YES;
				INFOPLIST_KEY_UILaunchStoryboardName = LaunchScreen;
				INFOPLIST_KEY_UISupportedInterfaceOrientations_iPad = "UIInterfaceOrientationPortrait UIInterfaceOrientationPortraitUpsideDown UIInterfaceOrientationLandscapeLeft UIInterfaceOrientationLandscapeRight";
				INFOPLIST_KEY_UISupportedInterfaceOrientations_iPhone = "UIInterfaceOrientationPortrait UIInterfaceOrientationLandscapeLeft UIInterfaceOrientationLandscapeRight";
				LD_RUNPATH_SEARCH_PATHS = (
					"$(inherited)",
					"@executable_path/Frameworks",
				);
				MARKETING_VERSION = 1.0;
				PRODUCT_BUNDLE_IDENTIFIER = co.marsiha.Foundly;
				PRODUCT_NAME = "$(TARGET_NAME)";
				SWIFT_EMIT_LOC_STRINGS = YES;
				SWIFT_VERSION = 5.0;
				TARGETED_DEVICE_FAMILY = "1,2";
			};
			name = Debug;
		};
		F6AE37E52D624A9000D51368 /* Release */ = {
			isa = XCBuildConfiguration;
			baseConfigurationReference = 33E4DF3CE05B1661B8510ADC /* Pods-Foundly.release.xcconfig */;
			buildSettings = {
				ASSETCATALOG_COMPILER_APPICON_NAME = AppIcon;
				ASSETCATALOG_COMPILER_GLOBAL_ACCENT_COLOR_NAME = AccentColor;
				CODE_SIGN_STYLE = Automatic;
				CURRENT_PROJECT_VERSION = 1;
				DEVELOPMENT_TEAM = 4MAZ45ZC7Y;
				GENERATE_INFOPLIST_FILE = YES;
				INFOPLIST_FILE = Foundly/Info.plist;
				INFOPLIST_KEY_UIApplicationSupportsIndirectInputEvents = YES;
				INFOPLIST_KEY_UILaunchStoryboardName = LaunchScreen;
				INFOPLIST_KEY_UISupportedInterfaceOrientations_iPad = "UIInterfaceOrientationPortrait UIInterfaceOrientationPortraitUpsideDown UIInterfaceOrientationLandscapeLeft UIInterfaceOrientationLandscapeRight";
				INFOPLIST_KEY_UISupportedInterfaceOrientations_iPhone = "UIInterfaceOrientationPortrait UIInterfaceOrientationLandscapeLeft UIInterfaceOrientationLandscapeRight";
				LD_RUNPATH_SEARCH_PATHS = (
					"$(inherited)",
					"@executable_path/Frameworks",
				);
				MARKETING_VERSION = 1.0;
				PRODUCT_BUNDLE_IDENTIFIER = co.marsiha.Foundly;
				PRODUCT_NAME = "$(TARGET_NAME)";
				SWIFT_EMIT_LOC_STRINGS = YES;
				SWIFT_VERSION = 5.0;
				TARGETED_DEVICE_FAMILY = "1,2";
			};
			name = Release;
		};
		F6AE37E62D624A9000D51368 /* Debug */ = {
			isa = XCBuildConfiguration;
			buildSettings = {
				ALWAYS_SEARCH_USER_PATHS = NO;
				ASSETCATALOG_COMPILER_GENERATE_SWIFT_ASSET_SYMBOL_EXTENSIONS = YES;
				CLANG_ANALYZER_NONNULL = YES;
				CLANG_ANALYZER_NUMBER_OBJECT_CONVERSION = YES_AGGRESSIVE;
				CLANG_CXX_LANGUAGE_STANDARD = "gnu++20";
				CLANG_ENABLE_MODULES = YES;
				CLANG_ENABLE_OBJC_ARC = YES;
				CLANG_ENABLE_OBJC_WEAK = YES;
				CLANG_WARN_BLOCK_CAPTURE_AUTORELEASING = YES;
				CLANG_WARN_BOOL_CONVERSION = YES;
				CLANG_WARN_COMMA = YES;
				CLANG_WARN_CONSTANT_CONVERSION = YES;
				CLANG_WARN_DEPRECATED_OBJC_IMPLEMENTATIONS = YES;
				CLANG_WARN_DIRECT_OBJC_ISA_USAGE = YES_ERROR;
				CLANG_WARN_DOCUMENTATION_COMMENTS = YES;
				CLANG_WARN_EMPTY_BODY = YES;
				CLANG_WARN_ENUM_CONVERSION = YES;
				CLANG_WARN_INFINITE_RECURSION = YES;
				CLANG_WARN_INT_CONVERSION = YES;
				CLANG_WARN_NON_LITERAL_NULL_CONVERSION = YES;
				CLANG_WARN_OBJC_IMPLICIT_RETAIN_SELF = YES;
				CLANG_WARN_OBJC_LITERAL_CONVERSION = YES;
				CLANG_WARN_OBJC_ROOT_CLASS = YES_ERROR;
				CLANG_WARN_QUOTED_INCLUDE_IN_FRAMEWORK_HEADER = YES;
				CLANG_WARN_RANGE_LOOP_ANALYSIS = YES;
				CLANG_WARN_STRICT_PROTOTYPES = YES;
				CLANG_WARN_SUSPICIOUS_MOVE = YES;
				CLANG_WARN_UNGUARDED_AVAILABILITY = YES_AGGRESSIVE;
				CLANG_WARN_UNREACHABLE_CODE = YES;
				CLANG_WARN__DUPLICATE_METHOD_MATCH = YES;
				COPY_PHASE_STRIP = NO;
				DEBUG_INFORMATION_FORMAT = dwarf;
				ENABLE_STRICT_OBJC_MSGSEND = YES;
				ENABLE_TESTABILITY = YES;
				ENABLE_USER_SCRIPT_SANDBOXING = YES;
				GCC_C_LANGUAGE_STANDARD = gnu17;
				GCC_DYNAMIC_NO_PIC = NO;
				GCC_NO_COMMON_BLOCKS = YES;
				GCC_OPTIMIZATION_LEVEL = 0;
				GCC_PREPROCESSOR_DEFINITIONS = (
					"DEBUG=1",
					"$(inherited)",
				);
				GCC_WARN_64_TO_32_BIT_CONVERSION = YES;
				GCC_WARN_ABOUT_RETURN_TYPE = YES_ERROR;
				GCC_WARN_UNDECLARED_SELECTOR = YES;
				GCC_WARN_UNINITIALIZED_AUTOS = YES_AGGRESSIVE;
				GCC_WARN_UNUSED_FUNCTION = YES;
				GCC_WARN_UNUSED_VARIABLE = YES;
				IPHONEOS_DEPLOYMENT_TARGET = 18.2;
				LOCALIZATION_PREFERS_STRING_CATALOGS = YES;
				MTL_ENABLE_DEBUG_INFO = INCLUDE_SOURCE;
				MTL_FAST_MATH = YES;
				ONLY_ACTIVE_ARCH = YES;
				SDKROOT = iphoneos;
				SWIFT_ACTIVE_COMPILATION_CONDITIONS = "DEBUG $(inherited)";
				SWIFT_OPTIMIZATION_LEVEL = "-Onone";
			};
			name = Debug;
		};
		F6AE37E72D624A9000D51368 /* Release */ = {
			isa = XCBuildConfiguration;
			buildSettings = {
				ALWAYS_SEARCH_USER_PATHS = NO;
				ASSETCATALOG_COMPILER_GENERATE_SWIFT_ASSET_SYMBOL_EXTENSIONS = YES;
				CLANG_ANALYZER_NONNULL = YES;
				CLANG_ANALYZER_NUMBER_OBJECT_CONVERSION = YES_AGGRESSIVE;
				CLANG_CXX_LANGUAGE_STANDARD = "gnu++20";
				CLANG_ENABLE_MODULES = YES;
				CLANG_ENABLE_OBJC_ARC = YES;
				CLANG_ENABLE_OBJC_WEAK = YES;
				CLANG_WARN_BLOCK_CAPTURE_AUTORELEASING = YES;
				CLANG_WARN_BOOL_CONVERSION = YES;
				CLANG_WARN_COMMA = YES;
				CLANG_WARN_CONSTANT_CONVERSION = YES;
				CLANG_WARN_DEPRECATED_OBJC_IMPLEMENTATIONS = YES;
				CLANG_WARN_DIRECT_OBJC_ISA_USAGE = YES_ERROR;
				CLANG_WARN_DOCUMENTATION_COMMENTS = YES;
				CLANG_WARN_EMPTY_BODY = YES;
				CLANG_WARN_ENUM_CONVERSION = YES;
				CLANG_WARN_INFINITE_RECURSION = YES;
				CLANG_WARN_INT_CONVERSION = YES;
				CLANG_WARN_NON_LITERAL_NULL_CONVERSION = YES;
				CLANG_WARN_OBJC_IMPLICIT_RETAIN_SELF = YES;
				CLANG_WARN_OBJC_LITERAL_CONVERSION = YES;
				CLANG_WARN_OBJC_ROOT_CLASS = YES_ERROR;
				CLANG_WARN_QUOTED_INCLUDE_IN_FRAMEWORK_HEADER = YES;
				CLANG_WARN_RANGE_LOOP_ANALYSIS = YES;
				CLANG_WARN_STRICT_PROTOTYPES = YES;
				CLANG_WARN_SUSPICIOUS_MOVE = YES;
				CLANG_WARN_UNGUARDED_AVAILABILITY = YES_AGGRESSIVE;
				CLANG_WARN_UNREACHABLE_CODE = YES;
				CLANG_WARN__DUPLICATE_METHOD_MATCH = YES;
				COPY_PHASE_STRIP = NO;
				DEBUG_INFORMATION_FORMAT = "dwarf-with-dsym";
				ENABLE_NS_ASSERTIONS = NO;
				ENABLE_STRICT_OBJC_MSGSEND = YES;
				ENABLE_USER_SCRIPT_SANDBOXING = YES;
				GCC_C_LANGUAGE_STANDARD = gnu17;
				GCC_NO_COMMON_BLOCKS = YES;
				GCC_WARN_64_TO_32_BIT_CONVERSION = YES;
				GCC_WARN_ABOUT_RETURN_TYPE = YES_ERROR;
				GCC_WARN_UNDECLARED_SELECTOR = YES;
				GCC_WARN_UNINITIALIZED_AUTOS = YES_AGGRESSIVE;
				GCC_WARN_UNUSED_FUNCTION = YES;
				GCC_WARN_UNUSED_VARIABLE = YES;
				IPHONEOS_DEPLOYMENT_TARGET = 18.2;
				LOCALIZATION_PREFERS_STRING_CATALOGS = YES;
				MTL_ENABLE_DEBUG_INFO = NO;
				MTL_FAST_MATH = YES;
				SDKROOT = iphoneos;
				SWIFT_COMPILATION_MODE = wholemodule;
				VALIDATE_PRODUCT = YES;
			};
			name = Release;
		};
/* End XCBuildConfiguration section */

/* Begin XCConfigurationList section */
		F6AE37CB2D624A8E00D51368 /* Build configuration list for PBXProject "Foundly" */ = {
			isa = XCConfigurationList;
			buildConfigurations = (
				F6AE37E62D624A9000D51368 /* Debug */,
				F6AE37E72D624A9000D51368 /* Release */,
			);
			defaultConfigurationIsVisible = 0;
			defaultConfigurationName = Release;
		};
		F6AE37E32D624A9000D51368 /* Build configuration list for PBXNativeTarget "Foundly" */ = {
			isa = XCConfigurationList;
			buildConfigurations = (
				F6AE37E42D624A9000D51368 /* Debug */,
				F6AE37E52D624A9000D51368 /* Release */,
			);
			defaultConfigurationIsVisible = 0;
			defaultConfigurationName = Release;
		};
/* End XCConfigurationList section */

/* Begin XCRemoteSwiftPackageReference section */
		F653C6EE2D6251D800F00C77 /* XCRemoteSwiftPackageReference "SnapKit" */ = {
			isa = XCRemoteSwiftPackageReference;
			repositoryURL = "https://github.com/SnapKit/SnapKit.git";
			requirement = {
				kind = upToNextMajorVersion;
				minimumVersion = 5.7.1;
			};
		};
/* End XCRemoteSwiftPackageReference section */

/* Begin XCSwiftPackageProductDependency section */
		F653C6EF2D6251D800F00C77 /* SnapKit */ = {
			isa = XCSwiftPackageProductDependency;
			package = F653C6EE2D6251D800F00C77 /* XCRemoteSwiftPackageReference "SnapKit" */;
			productName = SnapKit;
		};
/* End XCSwiftPackageProductDependency section */
	};
	rootObject = F6AE37C82D624A8E00D51368 /* Project object */;
}
